
Microsoft Visual Studio Solution File, Format Version 12.00
# Visual Studio 15
VisualStudioVersion = 15.0.28010.2036
MinimumVisualStudioVersion = 10.0.40219.1
Project("{FAE04EC0-301F-11D3-BF4B-00C04F79EFBC}") = "BisinessLogic", "BisinessLogic\BisinessLogic.csproj", "{D943D77E-1C57-483E-9F1C-13141186DC60}"
EndProject
Project("{FAE04EC0-301F-11D3-BF4B-00C04F79EFBC}") = "HotKeys", "HotKeys\HotKeys.csproj", "{1A781031-CBD9-41D9-A957-8A8B7A0288C3}"
EndProject
Global
	GlobalSection(SolutionConfigurationPlatforms) = preSolution
		Debug|Any CPU = Debug|Any CPU
		Release|Any CPU = Release|Any CPU
	EndGlobalSection
	GlobalSection(ProjectConfigurationPlatforms) = postSolution
		{D943D77E-1C57-483E-9F1C-13141186DC60}.Debug|Any CPU.ActiveCfg = Debug|Any CPU
		{D943D77E-1C57-483E-9F1C-13141186DC60}.Debug|Any CPU.Build.0 = Debug|Any CPU
		{D943D77E-1C57-483E-9F1C-13141186DC60}.Release|Any CPU.ActiveCfg = Release|Any CPU
		{D943D77E-1C57-483E-9F1C-13141186DC60}.Release|Any CPU.Build.0 = Release|Any CPU
		{1A781031-CBD9-41D9-A957-8A8B7A0288C3}.Debug|Any CPU.ActiveCfg = Debug|Any CPU
		{1A781031-CBD9-41D9-A957-8A8B7A0288C3}.Debug|Any CPU.Build.0 = Debug|Any CPU
		{1A781031-CBD9-41D9-A957-8A8B7A0288C3}.Release|Any CPU.ActiveCfg = Release|Any CPU
		{1A781031-CBD9-41D9-A957-8A8B7A0288C3}.Release|Any CPU.Build.0 = Release|Any CPU
	EndGlobalSection
	GlobalSection(SolutionProperties) = preSolution
		HideSolutionNode = FALSE
	EndGlobalSection
	GlobalSection(ExtensibilityGlobals) = postSolution
		SolutionGuid = {DB791853-AFBD-4929-AED6-E97CB9A7CA9E}
	EndGlobalSection
EndGlobal
