
Microsoft Visual Studio Solution File, Format Version 12.00
# Visual Studio 15
VisualStudioVersion = 15.0.28010.2036
MinimumVisualStudioVersion = 10.0.40219.1
Project("{FAE04EC0-301F-11D3-BF4B-00C04F79EFBC}") = "BusinesLogic", "BusinesLogic\BusinesLogic.csproj", "{B2305524-037F-4D8E-8052-3037B8A0BCFE}"
EndProject
Project("{FAE04EC0-301F-11D3-BF4B-00C04F79EFBC}") = "HotKeysAPI", "HotKeysAPI\HotKeysAPI.csproj", "{1C9ADF63-C554-4766-AE5C-31A4AB40C255}"
EndProject
Global
	GlobalSection(SolutionConfigurationPlatforms) = preSolution
		Debug|Any CPU = Debug|Any CPU
		Release|Any CPU = Release|Any CPU
	EndGlobalSection
	GlobalSection(ProjectConfigurationPlatforms) = postSolution
		{B2305524-037F-4D8E-8052-3037B8A0BCFE}.Debug|Any CPU.ActiveCfg = Debug|Any CPU
		{B2305524-037F-4D8E-8052-3037B8A0BCFE}.Debug|Any CPU.Build.0 = Debug|Any CPU
		{B2305524-037F-4D8E-8052-3037B8A0BCFE}.Release|Any CPU.ActiveCfg = Release|Any CPU
		{B2305524-037F-4D8E-8052-3037B8A0BCFE}.Release|Any CPU.Build.0 = Release|Any CPU
		{1C9ADF63-C554-4766-AE5C-31A4AB40C255}.Debug|Any CPU.ActiveCfg = Debug|Any CPU
		{1C9ADF63-C554-4766-AE5C-31A4AB40C255}.Debug|Any CPU.Build.0 = Debug|Any CPU
		{1C9ADF63-C554-4766-AE5C-31A4AB40C255}.Release|Any CPU.ActiveCfg = Release|Any CPU
		{1C9ADF63-C554-4766-AE5C-31A4AB40C255}.Release|Any CPU.Build.0 = Release|Any CPU
	EndGlobalSection
	GlobalSection(SolutionProperties) = preSolution
		HideSolutionNode = FALSE
	EndGlobalSection
	GlobalSection(ExtensibilityGlobals) = postSolution
		SolutionGuid = {DB791853-AFBD-4929-AED6-E97CB9A7CA9E}
	EndGlobalSection
EndGlobal
